
Microsoft Visual Studio Solution File, Format Version 12.00
# Visual Studio Version 17
VisualStudioVersion = 17.13.35825.156 d17.13
MinimumVisualStudioVersion = 10.0.40219.1
Project("{FAE04EC0-301F-11D3-BF4B-00C04F79EFBC}") = "To-Do_list_test", "To-Do_list_test\To-Do_list_test.csproj", "{6676E13E-7AC7-4CE8-9C9C-5BE3A34E0DE4}"
EndProject
Global
	GlobalSection(SolutionConfigurationPlatforms) = preSolution
		Debug|Any CPU = Debug|Any CPU
		Release|Any CPU = Release|Any CPU
	EndGlobalSection
	GlobalSection(ProjectConfigurationPlatforms) = postSolution
		{6676E13E-7AC7-4CE8-9C9C-5BE3A34E0DE4}.Debug|Any CPU.ActiveCfg = Debug|Any CPU
		{6676E13E-7AC7-4CE8-9C9C-5BE3A34E0DE4}.Debug|Any CPU.Build.0 = Debug|Any CPU
		{6676E13E-7AC7-4CE8-9C9C-5BE3A34E0DE4}.Release|Any CPU.ActiveCfg = Release|Any CPU
		{6676E13E-7AC7-4CE8-9C9C-5BE3A34E0DE4}.Release|Any CPU.Build.0 = Release|Any CPU
	EndGlobalSection
	GlobalSection(SolutionProperties) = preSolution
		HideSolutionNode = FALSE
	EndGlobalSection
	GlobalSection(ExtensibilityGlobals) = postSolution
		SolutionGuid = {45BF98A1-D28E-4399-BBDF-BB508914913E}
	EndGlobalSection
EndGlobal
